
Microsoft Visual Studio Solution File, Format Version 12.00
# Visual Studio 2013
VisualStudioVersion = 12.0.31101.0
MinimumVisualStudioVersion = 10.0.40219.1
Project("{FAE04EC0-301F-11D3-BF4B-00C04F79EFBC}") = "InventoryAPP", "InventoryAPP\InventoryAPP.csproj", "{1FF113E6-F87C-4806-9EBD-210B87B3C33B}"
EndProject
Global
	GlobalSection(SolutionConfigurationPlatforms) = preSolution
		Debug|Any CPU = Debug|Any CPU
		Release|Any CPU = Release|Any CPU
	EndGlobalSection
	GlobalSection(ProjectConfigurationPlatforms) = postSolution
		{1FF113E6-F87C-4806-9EBD-210B87B3C33B}.Debug|Any CPU.ActiveCfg = Debug|Any CPU
		{1FF113E6-F87C-4806-9EBD-210B87B3C33B}.Debug|Any CPU.Build.0 = Debug|Any CPU
		{1FF113E6-F87C-4806-9EBD-210B87B3C33B}.Release|Any CPU.ActiveCfg = Release|Any CPU
		{1FF113E6-F87C-4806-9EBD-210B87B3C33B}.Release|Any CPU.Build.0 = Release|Any CPU
	EndGlobalSection
	GlobalSection(SolutionProperties) = preSolution
		HideSolutionNode = FALSE
	EndGlobalSection
EndGlobal
